// !$*UTF8*$!
{
	archiveVersion = 1;
	classes = {
	};
	objectVersion = 50;
	objects = {

/* Begin PBXBuildFile section */
		4D95008A2703984E00D4FCE8 /* AppDelegate.swift in Sources */ = {isa = PBXBuildFile; fileRef = 4D9500892703984E00D4FCE8 /* AppDelegate.swift */; };
		4D95008C2703984E00D4FCE8 /* SceneDelegate.swift in Sources */ = {isa = PBXBuildFile; fileRef = 4D95008B2703984E00D4FCE8 /* SceneDelegate.swift */; };
		4D9500912703984E00D4FCE8 /* Main.storyboard in Resources */ = {isa = PBXBuildFile; fileRef = 4D95008F2703984E00D4FCE8 /* Main.storyboard */; };
		4D9500932703985400D4FCE8 /* Assets.xcassets in Resources */ = {isa = PBXBuildFile; fileRef = 4D9500922703985400D4FCE8 /* Assets.xcassets */; };
		4D9500962703985400D4FCE8 /* LaunchScreen.storyboard in Resources */ = {isa = PBXBuildFile; fileRef = 4D9500942703985400D4FCE8 /* LaunchScreen.storyboard */; };
		4D9500A227039D9200D4FCE8 /* Heroes.swift in Sources */ = {isa = PBXBuildFile; fileRef = 4D9500A127039D9200D4FCE8 /* Heroes.swift */; };
		4D9500A427039E6700D4FCE8 /* RequestNetwork.swift in Sources */ = {isa = PBXBuildFile; fileRef = 4D9500A327039E6700D4FCE8 /* RequestNetwork.swift */; };
		4D9500A627039E7D00D4FCE8 /* ImageService.swift in Sources */ = {isa = PBXBuildFile; fileRef = 4D9500A527039E7D00D4FCE8 /* ImageService.swift */; };
		4D9500A827039E8E00D4FCE8 /* DataManager.swift in Sources */ = {isa = PBXBuildFile; fileRef = 4D9500A727039E8E00D4FCE8 /* DataManager.swift */; };
		4D9500AA27039ED200D4FCE8 /* HeroesListModel.swift in Sources */ = {isa = PBXBuildFile; fileRef = 4D9500A927039ED200D4FCE8 /* HeroesListModel.swift */; };
		4D9500AC27039EE100D4FCE8 /* HeroesListViewController.swift in Sources */ = {isa = PBXBuildFile; fileRef = 4D9500AB27039EE100D4FCE8 /* HeroesListViewController.swift */; };
		4D9500AF27039F0E00D4FCE8 /* HeroesCollectionViewCell.swift in Sources */ = {isa = PBXBuildFile; fileRef = 4D9500AD27039F0E00D4FCE8 /* HeroesCollectionViewCell.swift */; };
		4D9500B027039F0E00D4FCE8 /* HeroesCollectionViewCell.xib in Resources */ = {isa = PBXBuildFile; fileRef = 4D9500AE27039F0E00D4FCE8 /* HeroesCollectionViewCell.xib */; };
		4D9500B32703A25E00D4FCE8 /* HeroesModel.swift in Sources */ = {isa = PBXBuildFile; fileRef = 4D9500B22703A25E00D4FCE8 /* HeroesModel.swift */; };
		4D9500B62703A3B700D4FCE8 /* exensionImage.swift in Sources */ = {isa = PBXBuildFile; fileRef = 4D9500B52703A3B700D4FCE8 /* exensionImage.swift */; };
		4D9500BA27044A2B00D4FCE8 /* DetailViewController.swift in Sources */ = {isa = PBXBuildFile; fileRef = 4D9500B927044A2B00D4FCE8 /* DetailViewController.swift */; };
		4D9500BE2704503C00D4FCE8 /* ExploreCollectionViewCell.swift in Sources */ = {isa = PBXBuildFile; fileRef = 4D9500BC2704503C00D4FCE8 /* ExploreCollectionViewCell.swift */; };
		4D9500BF2704503C00D4FCE8 /* ExploreCollectionViewCell.xib in Resources */ = {isa = PBXBuildFile; fileRef = 4D9500BD2704503C00D4FCE8 /* ExploreCollectionViewCell.xib */; };
		4D9500C12704524200D4FCE8 /* DetailModel.swift in Sources */ = {isa = PBXBuildFile; fileRef = 4D9500C02704524200D4FCE8 /* DetailModel.swift */; };
		4D9500C32704524B00D4FCE8 /* ExploreModel.swift in Sources */ = {isa = PBXBuildFile; fileRef = 4D9500C22704524B00D4FCE8 /* ExploreModel.swift */; };
/* End PBXBuildFile section */

/* Begin PBXFileReference section */
		4D9500862703984E00D4FCE8 /* MarvelApp.app */ = {isa = PBXFileReference; explicitFileType = wrapper.application; includeInIndex = 0; path = MarvelApp.app; sourceTree = BUILT_PRODUCTS_DIR; };
		4D9500892703984E00D4FCE8 /* AppDelegate.swift */ = {isa = PBXFileReference; lastKnownFileType = sourcecode.swift; path = AppDelegate.swift; sourceTree = "<group>"; };
		4D95008B2703984E00D4FCE8 /* SceneDelegate.swift */ = {isa = PBXFileReference; lastKnownFileType = sourcecode.swift; path = SceneDelegate.swift; sourceTree = "<group>"; };
		4D9500902703984E00D4FCE8 /* Base */ = {isa = PBXFileReference; lastKnownFileType = file.storyboard; name = Base; path = Base.lproj/Main.storyboard; sourceTree = "<group>"; };
		4D9500922703985400D4FCE8 /* Assets.xcassets */ = {isa = PBXFileReference; lastKnownFileType = folder.assetcatalog; path = Assets.xcassets; sourceTree = "<group>"; };
		4D9500952703985400D4FCE8 /* Base */ = {isa = PBXFileReference; lastKnownFileType = file.storyboard; name = Base; path = Base.lproj/LaunchScreen.storyboard; sourceTree = "<group>"; };
		4D9500972703985400D4FCE8 /* Info.plist */ = {isa = PBXFileReference; lastKnownFileType = text.plist.xml; path = Info.plist; sourceTree = "<group>"; };
		4D9500A127039D9200D4FCE8 /* Heroes.swift */ = {isa = PBXFileReference; lastKnownFileType = sourcecode.swift; path = Heroes.swift; sourceTree = "<group>"; };
		4D9500A327039E6700D4FCE8 /* RequestNetwork.swift */ = {isa = PBXFileReference; lastKnownFileType = sourcecode.swift; path = RequestNetwork.swift; sourceTree = "<group>"; };
		4D9500A527039E7D00D4FCE8 /* ImageService.swift */ = {isa = PBXFileReference; lastKnownFileType = sourcecode.swift; path = ImageService.swift; sourceTree = "<group>"; };
		4D9500A727039E8E00D4FCE8 /* DataManager.swift */ = {isa = PBXFileReference; lastKnownFileType = sourcecode.swift; path = DataManager.swift; sourceTree = "<group>"; };
		4D9500A927039ED200D4FCE8 /* HeroesListModel.swift */ = {isa = PBXFileReference; lastKnownFileType = sourcecode.swift; path = HeroesListModel.swift; sourceTree = "<group>"; };
		4D9500AB27039EE100D4FCE8 /* HeroesListViewController.swift */ = {isa = PBXFileReference; lastKnownFileType = sourcecode.swift; path = HeroesListViewController.swift; sourceTree = "<group>"; };
		4D9500AD27039F0E00D4FCE8 /* HeroesCollectionViewCell.swift */ = {isa = PBXFileReference; lastKnownFileType = sourcecode.swift; path = HeroesCollectionViewCell.swift; sourceTree = "<group>"; };
		4D9500AE27039F0E00D4FCE8 /* HeroesCollectionViewCell.xib */ = {isa = PBXFileReference; lastKnownFileType = file.xib; path = HeroesCollectionViewCell.xib; sourceTree = "<group>"; };
		4D9500B22703A25E00D4FCE8 /* HeroesModel.swift */ = {isa = PBXFileReference; lastKnownFileType = sourcecode.swift; path = HeroesModel.swift; sourceTree = "<group>"; };
		4D9500B52703A3B700D4FCE8 /* exensionImage.swift */ = {isa = PBXFileReference; lastKnownFileType = sourcecode.swift; path = exensionImage.swift; sourceTree = "<group>"; };
		4D9500B927044A2B00D4FCE8 /* DetailViewController.swift */ = {isa = PBXFileReference; lastKnownFileType = sourcecode.swift; path = DetailViewController.swift; sourceTree = "<group>"; };
		4D9500BC2704503C00D4FCE8 /* ExploreCollectionViewCell.swift */ = {isa = PBXFileReference; lastKnownFileType = sourcecode.swift; path = ExploreCollectionViewCell.swift; sourceTree = "<group>"; };
		4D9500BD2704503C00D4FCE8 /* ExploreCollectionViewCell.xib */ = {isa = PBXFileReference; lastKnownFileType = file.xib; path = ExploreCollectionViewCell.xib; sourceTree = "<group>"; };
		4D9500C02704524200D4FCE8 /* DetailModel.swift */ = {isa = PBXFileReference; lastKnownFileType = sourcecode.swift; path = DetailModel.swift; sourceTree = "<group>"; };
		4D9500C22704524B00D4FCE8 /* ExploreModel.swift */ = {isa = PBXFileReference; lastKnownFileType = sourcecode.swift; path = ExploreModel.swift; sourceTree = "<group>"; };
/* End PBXFileReference section */

/* Begin PBXFrameworksBuildPhase section */
		4D9500832703984E00D4FCE8 /* Frameworks */ = {
			isa = PBXFrameworksBuildPhase;
			buildActionMask = 2147483647;
			files = (
			);
			runOnlyForDeploymentPostprocessing = 0;
		};
/* End PBXFrameworksBuildPhase section */

/* Begin PBXGroup section */
		4D95007D2703984E00D4FCE8 = {
			isa = PBXGroup;
			children = (
				4D9500882703984E00D4FCE8 /* MarvelApp */,
				4D9500872703984E00D4FCE8 /* Products */,
			);
			sourceTree = "<group>";
		};
		4D9500872703984E00D4FCE8 /* Products */ = {
			isa = PBXGroup;
			children = (
				4D9500862703984E00D4FCE8 /* MarvelApp.app */,
			);
			name = Products;
			sourceTree = "<group>";
		};
		4D9500882703984E00D4FCE8 /* MarvelApp */ = {
			isa = PBXGroup;
			children = (
				4D9500892703984E00D4FCE8 /* AppDelegate.swift */,
				4D95008B2703984E00D4FCE8 /* SceneDelegate.swift */,
				4D95008F2703984E00D4FCE8 /* Main.storyboard */,
				4D9500922703985400D4FCE8 /* Assets.xcassets */,
				4D9500B42703A3A700D4FCE8 /* extension */,
				4D9500A027039D7600D4FCE8 /* Managers */,
				4D95009F27039D6C00D4FCE8 /* Controllers */,
				4D95009D27039D5800D4FCE8 /* Model */,
				4D9500942703985400D4FCE8 /* LaunchScreen.storyboard */,
				4D9500972703985400D4FCE8 /* Info.plist */,
			);
			path = MarvelApp;
			sourceTree = "<group>";
		};
		4D95009D27039D5800D4FCE8 /* Model */ = {
			isa = PBXGroup;
			children = (
				4D9500A127039D9200D4FCE8 /* Heroes.swift */,
			);
			path = Model;
			sourceTree = "<group>";
		};
		4D95009F27039D6C00D4FCE8 /* Controllers */ = {
			isa = PBXGroup;
			children = (
				4D9500B827044A1900D4FCE8 /* DetailVC */,
				4D9500B7270449FF00D4FCE8 /* HeroesListVC */,
			);
			path = Controllers;
			sourceTree = "<group>";
		};
		4D9500A027039D7600D4FCE8 /* Managers */ = {
			isa = PBXGroup;
			children = (
				4D9500A327039E6700D4FCE8 /* RequestNetwork.swift */,
				4D9500A527039E7D00D4FCE8 /* ImageService.swift */,
				4D9500A727039E8E00D4FCE8 /* DataManager.swift */,
			);
			path = Managers;
			sourceTree = "<group>";
		};
		4D9500B127039F6900D4FCE8 /* Cell */ = {
			isa = PBXGroup;
			children = (
				4D9500AD27039F0E00D4FCE8 /* HeroesCollectionViewCell.swift */,
				4D9500B22703A25E00D4FCE8 /* HeroesModel.swift */,
				4D9500AE27039F0E00D4FCE8 /* HeroesCollectionViewCell.xib */,
			);
			path = Cell;
			sourceTree = "<group>";
		};
		4D9500B42703A3A700D4FCE8 /* extension */ = {
			isa = PBXGroup;
			children = (
				4D9500B52703A3B700D4FCE8 /* exensionImage.swift */,
			);
			path = extension;
			sourceTree = "<group>";
		};
		4D9500B7270449FF00D4FCE8 /* HeroesListVC */ = {
			isa = PBXGroup;
			children = (
				4D9500A927039ED200D4FCE8 /* HeroesListModel.swift */,
				4D9500AB27039EE100D4FCE8 /* HeroesListViewController.swift */,
				4D9500B127039F6900D4FCE8 /* Cell */,
			);
			path = HeroesListVC;
			sourceTree = "<group>";
		};
		4D9500B827044A1900D4FCE8 /* DetailVC */ = {
			isa = PBXGroup;
			children = (
				4D9500B927044A2B00D4FCE8 /* DetailViewController.swift */,
				4D9500C02704524200D4FCE8 /* DetailModel.swift */,
				4D9500BB2704502300D4FCE8 /* Cell */,
			);
			path = DetailVC;
			sourceTree = "<group>";
		};
		4D9500BB2704502300D4FCE8 /* Cell */ = {
			isa = PBXGroup;
			children = (
				4D9500BC2704503C00D4FCE8 /* ExploreCollectionViewCell.swift */,
				4D9500C22704524B00D4FCE8 /* ExploreModel.swift */,
				4D9500BD2704503C00D4FCE8 /* ExploreCollectionViewCell.xib */,
			);
			path = Cell;
			sourceTree = "<group>";
		};
/* End PBXGroup section */

/* Begin PBXNativeTarget section */
		4D9500852703984E00D4FCE8 /* MarvelApp */ = {
			isa = PBXNativeTarget;
			buildConfigurationList = 4D95009A2703985400D4FCE8 /* Build configuration list for PBXNativeTarget "MarvelApp" */;
			buildPhases = (
				4D9500822703984E00D4FCE8 /* Sources */,
				4D9500832703984E00D4FCE8 /* Frameworks */,
				4D9500842703984E00D4FCE8 /* Resources */,
			);
			buildRules = (
			);
			dependencies = (
			);
			name = MarvelApp;
			productName = MarvelApp;
			productReference = 4D9500862703984E00D4FCE8 /* MarvelApp.app */;
			productType = "com.apple.product-type.application";
		};
/* End PBXNativeTarget section */

/* Begin PBXProject section */
		4D95007E2703984E00D4FCE8 /* Project object */ = {
			isa = PBXProject;
			attributes = {
				LastSwiftUpdateCheck = 1250;
				LastUpgradeCheck = 1250;
				TargetAttributes = {
					4D9500852703984E00D4FCE8 = {
						CreatedOnToolsVersion = 12.5.1;
					};
				};
			};
			buildConfigurationList = 4D9500812703984E00D4FCE8 /* Build configuration list for PBXProject "MarvelApp" */;
			compatibilityVersion = "Xcode 9.3";
			developmentRegion = en;
			hasScannedForEncodings = 0;
			knownRegions = (
				en,
				Base,
			);
			mainGroup = 4D95007D2703984E00D4FCE8;
			productRefGroup = 4D9500872703984E00D4FCE8 /* Products */;
			projectDirPath = "";
			projectRoot = "";
			targets = (
				4D9500852703984E00D4FCE8 /* MarvelApp */,
			);
		};
/* End PBXProject section */

/* Begin PBXResourcesBuildPhase section */
		4D9500842703984E00D4FCE8 /* Resources */ = {
			isa = PBXResourcesBuildPhase;
			buildActionMask = 2147483647;
			files = (
				4D9500962703985400D4FCE8 /* LaunchScreen.storyboard in Resources */,
				4D9500932703985400D4FCE8 /* Assets.xcassets in Resources */,
				4D9500BF2704503C00D4FCE8 /* ExploreCollectionViewCell.xib in Resources */,
				4D9500B027039F0E00D4FCE8 /* HeroesCollectionViewCell.xib in Resources */,
				4D9500912703984E00D4FCE8 /* Main.storyboard in Resources */,
			);
			runOnlyForDeploymentPostprocessing = 0;
		};
/* End PBXResourcesBuildPhase section */

/* Begin PBXSourcesBuildPhase section */
		4D9500822703984E00D4FCE8 /* Sources */ = {
			isa = PBXSourcesBuildPhase;
			buildActionMask = 2147483647;
			files = (
				4D9500A227039D9200D4FCE8 /* Heroes.swift in Sources */,
				4D9500B32703A25E00D4FCE8 /* HeroesModel.swift in Sources */,
				4D9500C12704524200D4FCE8 /* DetailModel.swift in Sources */,
				4D9500AA27039ED200D4FCE8 /* HeroesListModel.swift in Sources */,
				4D9500BA27044A2B00D4FCE8 /* DetailViewController.swift in Sources */,
				4D9500AC27039EE100D4FCE8 /* HeroesListViewController.swift in Sources */,
				4D9500A827039E8E00D4FCE8 /* DataManager.swift in Sources */,
				4D95008A2703984E00D4FCE8 /* AppDelegate.swift in Sources */,
				4D9500B62703A3B700D4FCE8 /* exensionImage.swift in Sources */,
				4D9500AF27039F0E00D4FCE8 /* HeroesCollectionViewCell.swift in Sources */,
				4D9500C32704524B00D4FCE8 /* ExploreModel.swift in Sources */,
				4D9500A427039E6700D4FCE8 /* RequestNetwork.swift in Sources */,
				4D9500A627039E7D00D4FCE8 /* ImageService.swift in Sources */,
				4D95008C2703984E00D4FCE8 /* SceneDelegate.swift in Sources */,
				4D9500BE2704503C00D4FCE8 /* ExploreCollectionViewCell.swift in Sources */,
			);
			runOnlyForDeploymentPostprocessing = 0;
		};
/* End PBXSourcesBuildPhase section */

/* Begin PBXVariantGroup section */
		4D95008F2703984E00D4FCE8 /* Main.storyboard */ = {
			isa = PBXVariantGroup;
			children = (
				4D9500902703984E00D4FCE8 /* Base */,
			);
			name = Main.storyboard;
			sourceTree = "<group>";
		};
		4D9500942703985400D4FCE8 /* LaunchScreen.storyboard */ = {
			isa = PBXVariantGroup;
			children = (
				4D9500952703985400D4FCE8 /* Base */,
			);
			name = LaunchScreen.storyboard;
			sourceTree = "<group>";
		};
/* End PBXVariantGroup section */

/* Begin XCBuildConfiguration section */
		4D9500982703985400D4FCE8 /* Debug */ = {
			isa = XCBuildConfiguration;
			buildSettings = {
				ALWAYS_SEARCH_USER_PATHS = NO;
				CLANG_ANALYZER_NONNULL = YES;
				CLANG_ANALYZER_NUMBER_OBJECT_CONVERSION = YES_AGGRESSIVE;
				CLANG_CXX_LANGUAGE_STANDARD = "gnu++14";
				CLANG_CXX_LIBRARY = "libc++";
				CLANG_ENABLE_MODULES = YES;
				CLANG_ENABLE_OBJC_ARC = YES;
				CLANG_ENABLE_OBJC_WEAK = YES;
				CLANG_WARN_BLOCK_CAPTURE_AUTORELEASING = YES;
				CLANG_WARN_BOOL_CONVERSION = YES;
				CLANG_WARN_COMMA = YES;
				CLANG_WARN_CONSTANT_CONVERSION = YES;
				CLANG_WARN_DEPRECATED_OBJC_IMPLEMENTATIONS = YES;
				CLANG_WARN_DIRECT_OBJC_ISA_USAGE = YES_ERROR;
				CLANG_WARN_DOCUMENTATION_COMMENTS = YES;
				CLANG_WARN_EMPTY_BODY = YES;
				CLANG_WARN_ENUM_CONVERSION = YES;
				CLANG_WARN_INFINITE_RECURSION = YES;
				CLANG_WARN_INT_CONVERSION = YES;
				CLANG_WARN_NON_LITERAL_NULL_CONVERSION = YES;
				CLANG_WARN_OBJC_IMPLICIT_RETAIN_SELF = YES;
				CLANG_WARN_OBJC_LITERAL_CONVERSION = YES;
				CLANG_WARN_OBJC_ROOT_CLASS = YES_ERROR;
				CLANG_WARN_QUOTED_INCLUDE_IN_FRAMEWORK_HEADER = YES;
				CLANG_WARN_RANGE_LOOP_ANALYSIS = YES;
				CLANG_WARN_STRICT_PROTOTYPES = YES;
				CLANG_WARN_SUSPICIOUS_MOVE = YES;
				CLANG_WARN_UNGUARDED_AVAILABILITY = YES_AGGRESSIVE;
				CLANG_WARN_UNREACHABLE_CODE = YES;
				CLANG_WARN__DUPLICATE_METHOD_MATCH = YES;
				COPY_PHASE_STRIP = NO;
				DEBUG_INFORMATION_FORMAT = dwarf;
				ENABLE_STRICT_OBJC_MSGSEND = YES;
				ENABLE_TESTABILITY = YES;
				GCC_C_LANGUAGE_STANDARD = gnu11;
				GCC_DYNAMIC_NO_PIC = NO;
				GCC_NO_COMMON_BLOCKS = YES;
				GCC_OPTIMIZATION_LEVEL = 0;
				GCC_PREPROCESSOR_DEFINITIONS = (
					"DEBUG=1",
					"$(inherited)",
				);
				GCC_WARN_64_TO_32_BIT_CONVERSION = YES;
				GCC_WARN_ABOUT_RETURN_TYPE = YES_ERROR;
				GCC_WARN_UNDECLARED_SELECTOR = YES;
				GCC_WARN_UNINITIALIZED_AUTOS = YES_AGGRESSIVE;
				GCC_WARN_UNUSED_FUNCTION = YES;
				GCC_WARN_UNUSED_VARIABLE = YES;
				IPHONEOS_DEPLOYMENT_TARGET = 14.5;
				MTL_ENABLE_DEBUG_INFO = INCLUDE_SOURCE;
				MTL_FAST_MATH = YES;
				ONLY_ACTIVE_ARCH = YES;
				SDKROOT = iphoneos;
				SWIFT_ACTIVE_COMPILATION_CONDITIONS = DEBUG;
				SWIFT_OPTIMIZATION_LEVEL = "-Onone";
			};
			name = Debug;
		};
		4D9500992703985400D4FCE8 /* Release */ = {
			isa = XCBuildConfiguration;
			buildSettings = {
				ALWAYS_SEARCH_USER_PATHS = NO;
				CLANG_ANALYZER_NONNULL = YES;
				CLANG_ANALYZER_NUMBER_OBJECT_CONVERSION = YES_AGGRESSIVE;
				CLANG_CXX_LANGUAGE_STANDARD = "gnu++14";
				CLANG_CXX_LIBRARY = "libc++";
				CLANG_ENABLE_MODULES = YES;
				CLANG_ENABLE_OBJC_ARC = YES;
				CLANG_ENABLE_OBJC_WEAK = YES;
				CLANG_WARN_BLOCK_CAPTURE_AUTORELEASING = YES;
				CLANG_WARN_BOOL_CONVERSION = YES;
				CLANG_WARN_COMMA = YES;
				CLANG_WARN_CONSTANT_CONVERSION = YES;
				CLANG_WARN_DEPRECATED_OBJC_IMPLEMENTATIONS = YES;
				CLANG_WARN_DIRECT_OBJC_ISA_USAGE = YES_ERROR;
				CLANG_WARN_DOCUMENTATION_COMMENTS = YES;
				CLANG_WARN_EMPTY_BODY = YES;
				CLANG_WARN_ENUM_CONVERSION = YES;
				CLANG_WARN_INFINITE_RECURSION = YES;
				CLANG_WARN_INT_CONVERSION = YES;
				CLANG_WARN_NON_LITERAL_NULL_CONVERSION = YES;
				CLANG_WARN_OBJC_IMPLICIT_RETAIN_SELF = YES;
				CLANG_WARN_OBJC_LITERAL_CONVERSION = YES;
				CLANG_WARN_OBJC_ROOT_CLASS = YES_ERROR;
				CLANG_WARN_QUOTED_INCLUDE_IN_FRAMEWORK_HEADER = YES;
				CLANG_WARN_RANGE_LOOP_ANALYSIS = YES;
				CLANG_WARN_STRICT_PROTOTYPES = YES;
				CLANG_WARN_SUSPICIOUS_MOVE = YES;
				CLANG_WARN_UNGUARDED_AVAILABILITY = YES_AGGRESSIVE;
				CLANG_WARN_UNREACHABLE_CODE = YES;
				CLANG_WARN__DUPLICATE_METHOD_MATCH = YES;
				COPY_PHASE_STRIP = NO;
				DEBUG_INFORMATION_FORMAT = "dwarf-with-dsym";
				ENABLE_NS_ASSERTIONS = NO;
				ENABLE_STRICT_OBJC_MSGSEND = YES;
				GCC_C_LANGUAGE_STANDARD = gnu11;
				GCC_NO_COMMON_BLOCKS = YES;
				GCC_WARN_64_TO_32_BIT_CONVERSION = YES;
				GCC_WARN_ABOUT_RETURN_TYPE = YES_ERROR;
				GCC_WARN_UNDECLARED_SELECTOR = YES;
				GCC_WARN_UNINITIALIZED_AUTOS = YES_AGGRESSIVE;
				GCC_WARN_UNUSED_FUNCTION = YES;
				GCC_WARN_UNUSED_VARIABLE = YES;
				IPHONEOS_DEPLOYMENT_TARGET = 14.5;
				MTL_ENABLE_DEBUG_INFO = NO;
				MTL_FAST_MATH = YES;
				SDKROOT = iphoneos;
				SWIFT_COMPILATION_MODE = wholemodule;
				SWIFT_OPTIMIZATION_LEVEL = "-O";
				VALIDATE_PRODUCT = YES;
			};
			name = Release;
		};
		4D95009B2703985400D4FCE8 /* Debug */ = {
			isa = XCBuildConfiguration;
			buildSettings = {
				ASSETCATALOG_COMPILER_APPICON_NAME = AppIcon;
				ASSETCATALOG_COMPILER_GLOBAL_ACCENT_COLOR_NAME = AccentColor;
				CODE_SIGN_STYLE = Automatic;
				INFOPLIST_FILE = MarvelApp/Info.plist;
				IPHONEOS_DEPLOYMENT_TARGET = 12.1;
				LD_RUNPATH_SEARCH_PATHS = (
					"$(inherited)",
					"@executable_path/Frameworks",
				);
				PRODUCT_BUNDLE_IDENTIFIER = p.MarvelApp;
				PRODUCT_NAME = "$(TARGET_NAME)";
				SWIFT_VERSION = 5.0;
				TARGETED_DEVICE_FAMILY = 1;
			};
			name = Debug;
		};
		4D95009C2703985400D4FCE8 /* Release */ = {
			isa = XCBuildConfiguration;
			buildSettings = {
				ASSETCATALOG_COMPILER_APPICON_NAME = AppIcon;
				ASSETCATALOG_COMPILER_GLOBAL_ACCENT_COLOR_NAME = AccentColor;
				CODE_SIGN_STYLE = Automatic;
				INFOPLIST_FILE = MarvelApp/Info.plist;
				IPHONEOS_DEPLOYMENT_TARGET = 12.1;
				LD_RUNPATH_SEARCH_PATHS = (
					"$(inherited)",
					"@executable_path/Frameworks",
				);
				PRODUCT_BUNDLE_IDENTIFIER = p.MarvelApp;
				PRODUCT_NAME = "$(TARGET_NAME)";
				SWIFT_VERSION = 5.0;
				TARGETED_DEVICE_FAMILY = 1;
			};
			name = Release;
		};
/* End XCBuildConfiguration section */

/* Begin XCConfigurationList section */
		4D9500812703984E00D4FCE8 /* Build configuration list for PBXProject "MarvelApp" */ = {
			isa = XCConfigurationList;
			buildConfigurations = (
				4D9500982703985400D4FCE8 /* Debug */,
				4D9500992703985400D4FCE8 /* Release */,
			);
			defaultConfigurationIsVisible = 0;
			defaultConfigurationName = Release;
		};
		4D95009A2703985400D4FCE8 /* Build configuration list for PBXNativeTarget "MarvelApp" */ = {
			isa = XCConfigurationList;
			buildConfigurations = (
				4D95009B2703985400D4FCE8 /* Debug */,
				4D95009C2703985400D4FCE8 /* Release */,
			);
			defaultConfigurationIsVisible = 0;
			defaultConfigurationName = Release;
		};
/* End XCConfigurationList section */
	};
	rootObject = 4D95007E2703984E00D4FCE8 /* Project object */;
}
